
Microsoft Visual Studio Solution File, Format Version 12.00
# Visual Studio Version 16
VisualStudioVersion = 16.0.29102.190
MinimumVisualStudioVersion = 10.0.40219.1
Project("{9A19103F-16F7-4668-BE54-9A1E7A4F7556}") = "NotThisTime", "NotThisTime\NotThisTime.csproj", "{19E32F33-ECA6-41E4-8306-3C22B009EACE}"
EndProject
Project("{FAE04EC0-301F-11D3-BF4B-00C04F79EFBC}") = "DynamoDbSetup", "DynamoDbSetup\DynamoDbSetup.csproj", "{789D70AA-DB2E-43C6-A708-40CEFA866F8E}"
EndProject
Project("{FAE04EC0-301F-11D3-BF4B-00C04F79EFBC}") = "Database.Repository", "Database.Repository\Database.Repository.csproj", "{A62F95D7-7CFD-4F7E-A189-C55448A522F1}"
EndProject
Global
	GlobalSection(SolutionConfigurationPlatforms) = preSolution
		Debug|Any CPU = Debug|Any CPU
		Release|Any CPU = Release|Any CPU
	EndGlobalSection
	GlobalSection(ProjectConfigurationPlatforms) = postSolution
		{19E32F33-ECA6-41E4-8306-3C22B009EACE}.Debug|Any CPU.ActiveCfg = Debug|Any CPU
		{19E32F33-ECA6-41E4-8306-3C22B009EACE}.Debug|Any CPU.Build.0 = Debug|Any CPU
		{19E32F33-ECA6-41E4-8306-3C22B009EACE}.Release|Any CPU.ActiveCfg = Release|Any CPU
		{19E32F33-ECA6-41E4-8306-3C22B009EACE}.Release|Any CPU.Build.0 = Release|Any CPU
		{789D70AA-DB2E-43C6-A708-40CEFA866F8E}.Debug|Any CPU.ActiveCfg = Debug|Any CPU
		{789D70AA-DB2E-43C6-A708-40CEFA866F8E}.Debug|Any CPU.Build.0 = Debug|Any CPU
		{789D70AA-DB2E-43C6-A708-40CEFA866F8E}.Release|Any CPU.ActiveCfg = Release|Any CPU
		{789D70AA-DB2E-43C6-A708-40CEFA866F8E}.Release|Any CPU.Build.0 = Release|Any CPU
		{A62F95D7-7CFD-4F7E-A189-C55448A522F1}.Debug|Any CPU.ActiveCfg = Debug|Any CPU
		{A62F95D7-7CFD-4F7E-A189-C55448A522F1}.Debug|Any CPU.Build.0 = Debug|Any CPU
		{A62F95D7-7CFD-4F7E-A189-C55448A522F1}.Release|Any CPU.ActiveCfg = Release|Any CPU
		{A62F95D7-7CFD-4F7E-A189-C55448A522F1}.Release|Any CPU.Build.0 = Release|Any CPU
	EndGlobalSection
	GlobalSection(SolutionProperties) = preSolution
		HideSolutionNode = FALSE
	EndGlobalSection
	GlobalSection(ExtensibilityGlobals) = postSolution
		SolutionGuid = {FB019C11-2AAC-4BFC-B88F-07A3FC9E69EB}
	EndGlobalSection
EndGlobal
